
Microsoft Visual Studio Solution File, Format Version 12.00
# Visual Studio Version 16
VisualStudioVersion = 16.0.30002.166
MinimumVisualStudioVersion = 10.0.40219.1
Project("{FAE04EC0-301F-11D3-BF4B-00C04F79EFBC}") = "evenTons", "evenTons.csproj", "{66C99B45-1501-46CE-BE3C-92766E449D0F}"
EndProject
Global
	GlobalSection(SolutionConfigurationPlatforms) = preSolution
		Debug|Any CPU = Debug|Any CPU
		Release|Any CPU = Release|Any CPU
	EndGlobalSection
	GlobalSection(ProjectConfigurationPlatforms) = postSolution
		{66C99B45-1501-46CE-BE3C-92766E449D0F}.Debug|Any CPU.ActiveCfg = Debug|Any CPU
		{66C99B45-1501-46CE-BE3C-92766E449D0F}.Debug|Any CPU.Build.0 = Debug|Any CPU
		{66C99B45-1501-46CE-BE3C-92766E449D0F}.Release|Any CPU.ActiveCfg = Release|Any CPU
		{66C99B45-1501-46CE-BE3C-92766E449D0F}.Release|Any CPU.Build.0 = Release|Any CPU
	EndGlobalSection
	GlobalSection(SolutionProperties) = preSolution
		HideSolutionNode = FALSE
	EndGlobalSection
	GlobalSection(ExtensibilityGlobals) = postSolution
		SolutionGuid = {E0E37EEE-6319-4206-8B89-CF9BE7B98527}
	EndGlobalSection
EndGlobal
